// !$*UTF8*$!
{
	archiveVersion = 1;
	classes = {
	};
	objectVersion = 51;
	objects = {

/* Begin PBXBuildFile section */
		A3975A9D23E8299D0090B000 /* AppDelegate.swift in Sources */ = {isa = PBXBuildFile; fileRef = A3975A9C23E8299D0090B000 /* AppDelegate.swift */; };
		A3975A9F23E8299D0090B000 /* SceneDelegate.swift in Sources */ = {isa = PBXBuildFile; fileRef = A3975A9E23E8299D0090B000 /* SceneDelegate.swift */; };
		A3975AA123E8299D0090B000 /* ViewController.swift in Sources */ = {isa = PBXBuildFile; fileRef = A3975AA023E8299D0090B000 /* ViewController.swift */; };
		A3975AA423E8299D0090B000 /* Main.storyboard in Resources */ = {isa = PBXBuildFile; fileRef = A3975AA223E8299D0090B000 /* Main.storyboard */; };
		A3975AA623E8299D0090B000 /* Assets.xcassets in Resources */ = {isa = PBXBuildFile; fileRef = A3975AA523E8299D0090B000 /* Assets.xcassets */; };
		A3975AA923E8299D0090B000 /* LaunchScreen.storyboard in Resources */ = {isa = PBXBuildFile; fileRef = A3975AA723E8299D0090B000 /* LaunchScreen.storyboard */; };
		A3975AB323E831F60090B000 /* FeedViewController.swift in Sources */ = {isa = PBXBuildFile; fileRef = A3975AB223E831F60090B000 /* FeedViewController.swift */; };
		A3975AB523E832100090B000 /* UploadViewController.swift in Sources */ = {isa = PBXBuildFile; fileRef = A3975AB423E832100090B000 /* UploadViewController.swift */; };
		A3975AB723E8321A0090B000 /* SettingsViewController.swift in Sources */ = {isa = PBXBuildFile; fileRef = A3975AB623E8321A0090B000 /* SettingsViewController.swift */; };
		A3F58A9823E86F1F0097B713 /* GoogleService-Info.plist in Resources */ = {isa = PBXBuildFile; fileRef = A3F58A9A23E86F1F0097B713 /* GoogleService-Info.plist */; };
		A3F58A9E23ED9F5C0097B713 /* FeedCell.swift in Sources */ = {isa = PBXBuildFile; fileRef = A3F58A9D23ED9F5C0097B713 /* FeedCell.swift */; };
		C3E3DFD82654913A2B73D040 /* Pods_InstaCloneFirebase.framework in Frameworks */ = {isa = PBXBuildFile; fileRef = 0EFB3677381D75A1AFF82203 /* Pods_InstaCloneFirebase.framework */; };
/* End PBXBuildFile section */

/* Begin PBXFileReference section */
		0EFB3677381D75A1AFF82203 /* Pods_InstaCloneFirebase.framework */ = {isa = PBXFileReference; explicitFileType = wrapper.framework; includeInIndex = 0; path = Pods_InstaCloneFirebase.framework; sourceTree = BUILT_PRODUCTS_DIR; };
		191B571EC0668065987BCDE3 /* Pods-InstaCloneFirebase.debug.xcconfig */ = {isa = PBXFileReference; includeInIndex = 1; lastKnownFileType = text.xcconfig; name = "Pods-InstaCloneFirebase.debug.xcconfig"; path = "Target Support Files/Pods-InstaCloneFirebase/Pods-InstaCloneFirebase.debug.xcconfig"; sourceTree = "<group>"; };
		A0E0D7C6990DCF9BB4EE0593 /* Pods-InstaCloneFirebase.release.xcconfig */ = {isa = PBXFileReference; includeInIndex = 1; lastKnownFileType = text.xcconfig; name = "Pods-InstaCloneFirebase.release.xcconfig"; path = "Target Support Files/Pods-InstaCloneFirebase/Pods-InstaCloneFirebase.release.xcconfig"; sourceTree = "<group>"; };
		A3975A9923E8299D0090B000 /* InstaCloneFirebase.app */ = {isa = PBXFileReference; explicitFileType = wrapper.application; includeInIndex = 0; path = InstaCloneFirebase.app; sourceTree = BUILT_PRODUCTS_DIR; };
		A3975A9C23E8299D0090B000 /* AppDelegate.swift */ = {isa = PBXFileReference; lastKnownFileType = sourcecode.swift; path = AppDelegate.swift; sourceTree = "<group>"; };
		A3975A9E23E8299D0090B000 /* SceneDelegate.swift */ = {isa = PBXFileReference; lastKnownFileType = sourcecode.swift; path = SceneDelegate.swift; sourceTree = "<group>"; };
		A3975AA023E8299D0090B000 /* ViewController.swift */ = {isa = PBXFileReference; lastKnownFileType = sourcecode.swift; path = ViewController.swift; sourceTree = "<group>"; };
		A3975AA323E8299D0090B000 /* Base */ = {isa = PBXFileReference; lastKnownFileType = file.storyboard; name = Base; path = Base.lproj/Main.storyboard; sourceTree = "<group>"; };
		A3975AA523E8299D0090B000 /* Assets.xcassets */ = {isa = PBXFileReference; lastKnownFileType = folder.assetcatalog; path = Assets.xcassets; sourceTree = "<group>"; };
		A3975AA823E8299D0090B000 /* Base */ = {isa = PBXFileReference; lastKnownFileType = file.storyboard; name = Base; path = Base.lproj/LaunchScreen.storyboard; sourceTree = "<group>"; };
		A3975AAA23E8299D0090B000 /* Info.plist */ = {isa = PBXFileReference; lastKnownFileType = text.plist.xml; path = Info.plist; sourceTree = "<group>"; };
		A3975AB223E831F60090B000 /* FeedViewController.swift */ = {isa = PBXFileReference; lastKnownFileType = sourcecode.swift; path = FeedViewController.swift; sourceTree = "<group>"; };
		A3975AB423E832100090B000 /* UploadViewController.swift */ = {isa = PBXFileReference; lastKnownFileType = sourcecode.swift; path = UploadViewController.swift; sourceTree = "<group>"; };
		A3975AB623E8321A0090B000 /* SettingsViewController.swift */ = {isa = PBXFileReference; lastKnownFileType = sourcecode.swift; path = SettingsViewController.swift; sourceTree = "<group>"; };
		A3F58A9923E86F1F0097B713 /* Base */ = {isa = PBXFileReference; lastKnownFileType = text.plist.xml; name = Base; path = "Base.lproj/GoogleService-Info.plist"; sourceTree = "<group>"; };
		A3F58A9D23ED9F5C0097B713 /* FeedCell.swift */ = {isa = PBXFileReference; lastKnownFileType = sourcecode.swift; path = FeedCell.swift; sourceTree = "<group>"; };
/* End PBXFileReference section */

/* Begin PBXFrameworksBuildPhase section */
		A3975A9623E8299D0090B000 /* Frameworks */ = {
			isa = PBXFrameworksBuildPhase;
			buildActionMask = 2147483647;
			files = (
				C3E3DFD82654913A2B73D040 /* Pods_InstaCloneFirebase.framework in Frameworks */,
			);
			runOnlyForDeploymentPostprocessing = 0;
		};
/* End PBXFrameworksBuildPhase section */

/* Begin PBXGroup section */
		20C6DBB7361B2B3023BAE964 /* Pods */ = {
			isa = PBXGroup;
			children = (
				191B571EC0668065987BCDE3 /* Pods-InstaCloneFirebase.debug.xcconfig */,
				A0E0D7C6990DCF9BB4EE0593 /* Pods-InstaCloneFirebase.release.xcconfig */,
			);
			path = Pods;
			sourceTree = "<group>";
		};
		5D6A30DD5486D040A8379B39 /* Frameworks */ = {
			isa = PBXGroup;
			children = (
				0EFB3677381D75A1AFF82203 /* Pods_InstaCloneFirebase.framework */,
			);
			name = Frameworks;
			sourceTree = "<group>";
		};
		A3975A9023E8299D0090B000 = {
			isa = PBXGroup;
			children = (
				A3975A9B23E8299D0090B000 /* InstaCloneFirebase */,
				A3975A9A23E8299D0090B000 /* Products */,
				20C6DBB7361B2B3023BAE964 /* Pods */,
				5D6A30DD5486D040A8379B39 /* Frameworks */,
			);
			sourceTree = "<group>";
		};
		A3975A9A23E8299D0090B000 /* Products */ = {
			isa = PBXGroup;
			children = (
				A3975A9923E8299D0090B000 /* InstaCloneFirebase.app */,
			);
			name = Products;
			sourceTree = "<group>";
		};
		A3975A9B23E8299D0090B000 /* InstaCloneFirebase */ = {
			isa = PBXGroup;
			children = (
				A3975A9C23E8299D0090B000 /* AppDelegate.swift */,
				A3975A9E23E8299D0090B000 /* SceneDelegate.swift */,
				A3975AA023E8299D0090B000 /* ViewController.swift */,
				A3975AB223E831F60090B000 /* FeedViewController.swift */,
				A3975AB423E832100090B000 /* UploadViewController.swift */,
				A3975AB623E8321A0090B000 /* SettingsViewController.swift */,
				A3F58A9D23ED9F5C0097B713 /* FeedCell.swift */,
				A3975AA223E8299D0090B000 /* Main.storyboard */,
				A3975AA523E8299D0090B000 /* Assets.xcassets */,
				A3975AA723E8299D0090B000 /* LaunchScreen.storyboard */,
				A3975AAA23E8299D0090B000 /* Info.plist */,
				A3F58A9A23E86F1F0097B713 /* GoogleService-Info.plist */,
			);
			path = InstaCloneFirebase;
			sourceTree = "<group>";
		};
/* End PBXGroup section */

/* Begin PBXNativeTarget section */
		A3975A9823E8299D0090B000 /* InstaCloneFirebase */ = {
			isa = PBXNativeTarget;
			buildConfigurationList = A3975AAD23E8299D0090B000 /* Build configuration list for PBXNativeTarget "InstaCloneFirebase" */;
			buildPhases = (
				FF312313B234973B0C6822EE /* [CP] Check Pods Manifest.lock */,
				A3975A9523E8299D0090B000 /* Sources */,
				A3975A9623E8299D0090B000 /* Frameworks */,
				A3975A9723E8299D0090B000 /* Resources */,
				2FD9E5EC38C97EA93261147F /* [CP] Embed Pods Frameworks */,
			);
			buildRules = (
			);
			dependencies = (
			);
			name = InstaCloneFirebase;
			productName = InstaCloneFirebase;
			productReference = A3975A9923E8299D0090B000 /* InstaCloneFirebase.app */;
			productType = "com.apple.product-type.application";
		};
/* End PBXNativeTarget section */

/* Begin PBXProject section */
		A3975A9123E8299D0090B000 /* Project object */ = {
			isa = PBXProject;
			attributes = {
				LastSwiftUpdateCheck = 1110;
				LastUpgradeCheck = 1110;
				ORGANIZATIONNAME = "Mahmut Mercan";
				TargetAttributes = {
					A3975A9823E8299D0090B000 = {
						CreatedOnToolsVersion = 11.1;
					};
				};
			};
			buildConfigurationList = A3975A9423E8299D0090B000 /* Build configuration list for PBXProject "InstaCloneFirebase" */;
			compatibilityVersion = "Xcode 9.3";
			developmentRegion = en;
			hasScannedForEncodings = 0;
			knownRegions = (
				en,
				Base,
			);
			mainGroup = A3975A9023E8299D0090B000;
			productRefGroup = A3975A9A23E8299D0090B000 /* Products */;
			projectDirPath = "";
			projectRoot = "";
			targets = (
				A3975A9823E8299D0090B000 /* InstaCloneFirebase */,
			);
		};
/* End PBXProject section */

/* Begin PBXResourcesBuildPhase section */
		A3975A9723E8299D0090B000 /* Resources */ = {
			isa = PBXResourcesBuildPhase;
			buildActionMask = 2147483647;
			files = (
				A3975AA923E8299D0090B000 /* LaunchScreen.storyboard in Resources */,
				A3F58A9823E86F1F0097B713 /* GoogleService-Info.plist in Resources */,
				A3975AA623E8299D0090B000 /* Assets.xcassets in Resources */,
				A3975AA423E8299D0090B000 /* Main.storyboard in Resources */,
			);
			runOnlyForDeploymentPostprocessing = 0;
		};
/* End PBXResourcesBuildPhase section */

/* Begin PBXShellScriptBuildPhase section */
		2FD9E5EC38C97EA93261147F /* [CP] Embed Pods Frameworks */ = {
			isa = PBXShellScriptBuildPhase;
			buildActionMask = 2147483647;
			files = (
			);
			inputFileListPaths = (
				"${PODS_ROOT}/Target Support Files/Pods-InstaCloneFirebase/Pods-InstaCloneFirebase-frameworks-${CONFIGURATION}-input-files.xcfilelist",
			);
			name = "[CP] Embed Pods Frameworks";
			outputFileListPaths = (
				"${PODS_ROOT}/Target Support Files/Pods-InstaCloneFirebase/Pods-InstaCloneFirebase-frameworks-${CONFIGURATION}-output-files.xcfilelist",
			);
			runOnlyForDeploymentPostprocessing = 0;
			shellPath = /bin/sh;
			shellScript = "\"${PODS_ROOT}/Target Support Files/Pods-InstaCloneFirebase/Pods-InstaCloneFirebase-frameworks.sh\"\n";
			showEnvVarsInLog = 0;
		};
		FF312313B234973B0C6822EE /* [CP] Check Pods Manifest.lock */ = {
			isa = PBXShellScriptBuildPhase;
			buildActionMask = 2147483647;
			files = (
			);
			inputFileListPaths = (
			);
			inputPaths = (
				"${PODS_PODFILE_DIR_PATH}/Podfile.lock",
				"${PODS_ROOT}/Manifest.lock",
			);
			name = "[CP] Check Pods Manifest.lock";
			outputFileListPaths = (
			);
			outputPaths = (
				"$(DERIVED_FILE_DIR)/Pods-InstaCloneFirebase-checkManifestLockResult.txt",
			);
			runOnlyForDeploymentPostprocessing = 0;
			shellPath = /bin/sh;
			shellScript = "diff \"${PODS_PODFILE_DIR_PATH}/Podfile.lock\" \"${PODS_ROOT}/Manifest.lock\" > /dev/null\nif [ $? != 0 ] ; then\n    # print error to STDERR\n    echo \"error: The sandbox is not in sync with the Podfile.lock. Run 'pod install' or update your CocoaPods installation.\" >&2\n    exit 1\nfi\n# This output is used by Xcode 'outputs' to avoid re-running this script phase.\necho \"SUCCESS\" > \"${SCRIPT_OUTPUT_FILE_0}\"\n";
			showEnvVarsInLog = 0;
		};
/* End PBXShellScriptBuildPhase section */

/* Begin PBXSourcesBuildPhase section */
		A3975A9523E8299D0090B000 /* Sources */ = {
			isa = PBXSourcesBuildPhase;
			buildActionMask = 2147483647;
			files = (
				A3F58A9E23ED9F5C0097B713 /* FeedCell.swift in Sources */,
				A3975AA123E8299D0090B000 /* ViewController.swift in Sources */,
				A3975AB523E832100090B000 /* UploadViewController.swift in Sources */,
				A3975A9D23E8299D0090B000 /* AppDelegate.swift in Sources */,
				A3975AB323E831F60090B000 /* FeedViewController.swift in Sources */,
				A3975A9F23E8299D0090B000 /* SceneDelegate.swift in Sources */,
				A3975AB723E8321A0090B000 /* SettingsViewController.swift in Sources */,
			);
			runOnlyForDeploymentPostprocessing = 0;
		};
/* End PBXSourcesBuildPhase section */

/* Begin PBXVariantGroup section */
		A3975AA223E8299D0090B000 /* Main.storyboard */ = {
			isa = PBXVariantGroup;
			children = (
				A3975AA323E8299D0090B000 /* Base */,
			);
			name = Main.storyboard;
			sourceTree = "<group>";
		};
		A3975AA723E8299D0090B000 /* LaunchScreen.storyboard */ = {
			isa = PBXVariantGroup;
			children = (
				A3975AA823E8299D0090B000 /* Base */,
			);
			name = LaunchScreen.storyboard;
			sourceTree = "<group>";
		};
		A3F58A9A23E86F1F0097B713 /* GoogleService-Info.plist */ = {
			isa = PBXVariantGroup;
			children = (
				A3F58A9923E86F1F0097B713 /* Base */,
			);
			name = "GoogleService-Info.plist";
			sourceTree = "<group>";
		};
/* End PBXVariantGroup section */

/* Begin XCBuildConfiguration section */
		A3975AAB23E8299D0090B000 /* Debug */ = {
			isa = XCBuildConfiguration;
			buildSettings = {
				ALWAYS_SEARCH_USER_PATHS = NO;
				CLANG_ANALYZER_NONNULL = YES;
				CLANG_ANALYZER_NUMBER_OBJECT_CONVERSION = YES_AGGRESSIVE;
				CLANG_CXX_LANGUAGE_STANDARD = "gnu++14";
				CLANG_CXX_LIBRARY = "libc++";
				CLANG_ENABLE_MODULES = YES;
				CLANG_ENABLE_OBJC_ARC = YES;
				CLANG_ENABLE_OBJC_WEAK = YES;
				CLANG_WARN_BLOCK_CAPTURE_AUTORELEASING = YES;
				CLANG_WARN_BOOL_CONVERSION = YES;
				CLANG_WARN_COMMA = YES;
				CLANG_WARN_CONSTANT_CONVERSION = YES;
				CLANG_WARN_DEPRECATED_OBJC_IMPLEMENTATIONS = YES;
				CLANG_WARN_DIRECT_OBJC_ISA_USAGE = YES_ERROR;
				CLANG_WARN_DOCUMENTATION_COMMENTS = YES;
				CLANG_WARN_EMPTY_BODY = YES;
				CLANG_WARN_ENUM_CONVERSION = YES;
				CLANG_WARN_INFINITE_RECURSION = YES;
				CLANG_WARN_INT_CONVERSION = YES;
				CLANG_WARN_NON_LITERAL_NULL_CONVERSION = YES;
				CLANG_WARN_OBJC_IMPLICIT_RETAIN_SELF = YES;
				CLANG_WARN_OBJC_LITERAL_CONVERSION = YES;
				CLANG_WARN_OBJC_ROOT_CLASS = YES_ERROR;
				CLANG_WARN_RANGE_LOOP_ANALYSIS = YES;
				CLANG_WARN_STRICT_PROTOTYPES = YES;
				CLANG_WARN_SUSPICIOUS_MOVE = YES;
				CLANG_WARN_UNGUARDED_AVAILABILITY = YES_AGGRESSIVE;
				CLANG_WARN_UNREACHABLE_CODE = YES;
				CLANG_WARN__DUPLICATE_METHOD_MATCH = YES;
				COPY_PHASE_STRIP = NO;
				DEBUG_INFORMATION_FORMAT = dwarf;
				ENABLE_STRICT_OBJC_MSGSEND = YES;
				ENABLE_TESTABILITY = YES;
				GCC_C_LANGUAGE_STANDARD = gnu11;
				GCC_DYNAMIC_NO_PIC = NO;
				GCC_NO_COMMON_BLOCKS = YES;
				GCC_OPTIMIZATION_LEVEL = 0;
				GCC_PREPROCESSOR_DEFINITIONS = (
					"DEBUG=1",
					"$(inherited)",
				);
				GCC_WARN_64_TO_32_BIT_CONVERSION = YES;
				GCC_WARN_ABOUT_RETURN_TYPE = YES_ERROR;
				GCC_WARN_UNDECLARED_SELECTOR = YES;
				GCC_WARN_UNINITIALIZED_AUTOS = YES_AGGRESSIVE;
				GCC_WARN_UNUSED_FUNCTION = YES;
				GCC_WARN_UNUSED_VARIABLE = YES;
				IPHONEOS_DEPLOYMENT_TARGET = 13.1;
				MTL_ENABLE_DEBUG_INFO = INCLUDE_SOURCE;
				MTL_FAST_MATH = YES;
				ONLY_ACTIVE_ARCH = YES;
				SDKROOT = iphoneos;
				SWIFT_ACTIVE_COMPILATION_CONDITIONS = DEBUG;
				SWIFT_OPTIMIZATION_LEVEL = "-Onone";
			};
			name = Debug;
		};
		A3975AAC23E8299D0090B000 /* Release */ = {
			isa = XCBuildConfiguration;
			buildSettings = {
				ALWAYS_SEARCH_USER_PATHS = NO;
				CLANG_ANALYZER_NONNULL = YES;
				CLANG_ANALYZER_NUMBER_OBJECT_CONVERSION = YES_AGGRESSIVE;
				CLANG_CXX_LANGUAGE_STANDARD = "gnu++14";
				CLANG_CXX_LIBRARY = "libc++";
				CLANG_ENABLE_MODULES = YES;
				CLANG_ENABLE_OBJC_ARC = YES;
				CLANG_ENABLE_OBJC_WEAK = YES;
				CLANG_WARN_BLOCK_CAPTURE_AUTORELEASING = YES;
				CLANG_WARN_BOOL_CONVERSION = YES;
				CLANG_WARN_COMMA = YES;
				CLANG_WARN_CONSTANT_CONVERSION = YES;
				CLANG_WARN_DEPRECATED_OBJC_IMPLEMENTATIONS = YES;
				CLANG_WARN_DIRECT_OBJC_ISA_USAGE = YES_ERROR;
				CLANG_WARN_DOCUMENTATION_COMMENTS = YES;
				CLANG_WARN_EMPTY_BODY = YES;
				CLANG_WARN_ENUM_CONVERSION = YES;
				CLANG_WARN_INFINITE_RECURSION = YES;
				CLANG_WARN_INT_CONVERSION = YES;
				CLANG_WARN_NON_LITERAL_NULL_CONVERSION = YES;
				CLANG_WARN_OBJC_IMPLICIT_RETAIN_SELF = YES;
				CLANG_WARN_OBJC_LITERAL_CONVERSION = YES;
				CLANG_WARN_OBJC_ROOT_CLASS = YES_ERROR;
				CLANG_WARN_RANGE_LOOP_ANALYSIS = YES;
				CLANG_WARN_STRICT_PROTOTYPES = YES;
				CLANG_WARN_SUSPICIOUS_MOVE = YES;
				CLANG_WARN_UNGUARDED_AVAILABILITY = YES_AGGRESSIVE;
				CLANG_WARN_UNREACHABLE_CODE = YES;
				CLANG_WARN__DUPLICATE_METHOD_MATCH = YES;
				COPY_PHASE_STRIP = NO;
				DEBUG_INFORMATION_FORMAT = "dwarf-with-dsym";
				ENABLE_NS_ASSERTIONS = NO;
				ENABLE_STRICT_OBJC_MSGSEND = YES;
				GCC_C_LANGUAGE_STANDARD = gnu11;
				GCC_NO_COMMON_BLOCKS = YES;
				GCC_WARN_64_TO_32_BIT_CONVERSION = YES;
				GCC_WARN_ABOUT_RETURN_TYPE = YES_ERROR;
				GCC_WARN_UNDECLARED_SELECTOR = YES;
				GCC_WARN_UNINITIALIZED_AUTOS = YES_AGGRESSIVE;
				GCC_WARN_UNUSED_FUNCTION = YES;
				GCC_WARN_UNUSED_VARIABLE = YES;
				IPHONEOS_DEPLOYMENT_TARGET = 13.1;
				MTL_ENABLE_DEBUG_INFO = NO;
				MTL_FAST_MATH = YES;
				SDKROOT = iphoneos;
				SWIFT_COMPILATION_MODE = wholemodule;
				SWIFT_OPTIMIZATION_LEVEL = "-O";
				VALIDATE_PRODUCT = YES;
			};
			name = Release;
		};
		A3975AAE23E8299D0090B000 /* Debug */ = {
			isa = XCBuildConfiguration;
			baseConfigurationReference = 191B571EC0668065987BCDE3 /* Pods-InstaCloneFirebase.debug.xcconfig */;
			buildSettings = {
				ASSETCATALOG_COMPILER_APPICON_NAME = AppIcon;
				CODE_SIGN_STYLE = Automatic;
				DEVELOPMENT_TEAM = 9B6AFN73DR;
				INFOPLIST_FILE = InstaCloneFirebase/Info.plist;
				LD_RUNPATH_SEARCH_PATHS = (
					"$(inherited)",
					"@executable_path/Frameworks",
				);
				PRODUCT_BUNDLE_IDENTIFIER = com.mahmutmercan.InstaCloneFirebase;
				PRODUCT_NAME = "$(TARGET_NAME)";
				SWIFT_VERSION = 5.0;
				TARGETED_DEVICE_FAMILY = "1,2";
			};
			name = Debug;
		};
		A3975AAF23E8299D0090B000 /* Release */ = {
			isa = XCBuildConfiguration;
			baseConfigurationReference = A0E0D7C6990DCF9BB4EE0593 /* Pods-InstaCloneFirebase.release.xcconfig */;
			buildSettings = {
				ASSETCATALOG_COMPILER_APPICON_NAME = AppIcon;
				CODE_SIGN_STYLE = Automatic;
				DEVELOPMENT_TEAM = 9B6AFN73DR;
				INFOPLIST_FILE = InstaCloneFirebase/Info.plist;
				LD_RUNPATH_SEARCH_PATHS = (
					"$(inherited)",
					"@executable_path/Frameworks",
				);
				PRODUCT_BUNDLE_IDENTIFIER = com.mahmutmercan.InstaCloneFirebase;
				PRODUCT_NAME = "$(TARGET_NAME)";
				SWIFT_VERSION = 5.0;
				TARGETED_DEVICE_FAMILY = "1,2";
			};
			name = Release;
		};
/* End XCBuildConfiguration section */

/* Begin XCConfigurationList section */
		A3975A9423E8299D0090B000 /* Build configuration list for PBXProject "InstaCloneFirebase" */ = {
			isa = XCConfigurationList;
			buildConfigurations = (
				A3975AAB23E8299D0090B000 /* Debug */,
				A3975AAC23E8299D0090B000 /* Release */,
			);
			defaultConfigurationIsVisible = 0;
			defaultConfigurationName = Release;
		};
		A3975AAD23E8299D0090B000 /* Build configuration list for PBXNativeTarget "InstaCloneFirebase" */ = {
			isa = XCConfigurationList;
			buildConfigurations = (
				A3975AAE23E8299D0090B000 /* Debug */,
				A3975AAF23E8299D0090B000 /* Release */,
			);
			defaultConfigurationIsVisible = 0;
			defaultConfigurationName = Release;
		};
/* End XCConfigurationList section */
	};
	rootObject = A3975A9123E8299D0090B000 /* Project object */;
}
